
Microsoft Visual Studio Solution File, Format Version 12.00
# Visual Studio Version 17
VisualStudioVersion = 17.9.34714.143
MinimumVisualStudioVersion = 10.0.40219.1
Project("{FAE04EC0-301F-11D3-BF4B-00C04F79EFBC}") = "LukeC_ST10254164_PROG6221_part1", "LukeC_ST10254164_PROG6221_part1.csproj", "{AA69091F-56FF-4362-8436-D3E08B15E247}"
EndProject
Global
	GlobalSection(SolutionConfigurationPlatforms) = preSolution
		Debug|Any CPU = Debug|Any CPU
		Release|Any CPU = Release|Any CPU
	EndGlobalSection
	GlobalSection(ProjectConfigurationPlatforms) = postSolution
		{AA69091F-56FF-4362-8436-D3E08B15E247}.Debug|Any CPU.ActiveCfg = Debug|Any CPU
		{AA69091F-56FF-4362-8436-D3E08B15E247}.Debug|Any CPU.Build.0 = Debug|Any CPU
		{AA69091F-56FF-4362-8436-D3E08B15E247}.Release|Any CPU.ActiveCfg = Release|Any CPU
		{AA69091F-56FF-4362-8436-D3E08B15E247}.Release|Any CPU.Build.0 = Release|Any CPU
	EndGlobalSection
	GlobalSection(SolutionProperties) = preSolution
		HideSolutionNode = FALSE
	EndGlobalSection
	GlobalSection(ExtensibilityGlobals) = postSolution
		SolutionGuid = {6CD70E20-5A40-4101-8CC5-51F97C7DFEE2}
	EndGlobalSection
EndGlobal
